
Microsoft Visual Studio Solution File, Format Version 12.00
# Visual Studio Version 17
VisualStudioVersion = 17.4.33213.308
MinimumVisualStudioVersion = 10.0.40219.1
Project("{9A19103F-16F7-4668-BE54-9A1E7A4F7556}") = "Api", "src\Api\Api.csproj", "{97648BEF-1DF1-4EB3-8648-733AD715CDF2}"
EndProject
Project("{9A19103F-16F7-4668-BE54-9A1E7A4F7556}") = "Application", "src\Application\Application.csproj", "{8DCCC672-74AD-468C-AF4C-9DB2D2277B9F}"
EndProject
Project("{9A19103F-16F7-4668-BE54-9A1E7A4F7556}") = "Domain", "src\Domain\Domain.csproj", "{14276294-6FA8-4602-8340-0DF47240606C}"
EndProject
Project("{9A19103F-16F7-4668-BE54-9A1E7A4F7556}") = "Domain.Core", "src\Domain.Core\Domain.Core.csproj", "{893224C4-5FF1-4408-AC5A-42B6068B2FBB}"
EndProject
Project("{9A19103F-16F7-4668-BE54-9A1E7A4F7556}") = "Domain.Services", "src\Domain.Services\Domain.Services.csproj", "{B7A6D6C0-A9A4-45C0-AFDD-06D2E7DFCB7C}"
EndProject
Project("{9A19103F-16F7-4668-BE54-9A1E7A4F7556}") = "Infrastructure", "src\Infrastructure\Infrastructure.csproj", "{45C44910-8155-46DF-A18D-F773CA85C65E}"
EndProject
Global
	GlobalSection(SolutionConfigurationPlatforms) = preSolution
		Debug|Any CPU = Debug|Any CPU
		Release|Any CPU = Release|Any CPU
	EndGlobalSection
	GlobalSection(ProjectConfigurationPlatforms) = postSolution
		{97648BEF-1DF1-4EB3-8648-733AD715CDF2}.Debug|Any CPU.ActiveCfg = Debug|Any CPU
		{97648BEF-1DF1-4EB3-8648-733AD715CDF2}.Debug|Any CPU.Build.0 = Debug|Any CPU
		{97648BEF-1DF1-4EB3-8648-733AD715CDF2}.Release|Any CPU.ActiveCfg = Release|Any CPU
		{97648BEF-1DF1-4EB3-8648-733AD715CDF2}.Release|Any CPU.Build.0 = Release|Any CPU
		{8DCCC672-74AD-468C-AF4C-9DB2D2277B9F}.Debug|Any CPU.ActiveCfg = Debug|Any CPU
		{8DCCC672-74AD-468C-AF4C-9DB2D2277B9F}.Debug|Any CPU.Build.0 = Debug|Any CPU
		{8DCCC672-74AD-468C-AF4C-9DB2D2277B9F}.Release|Any CPU.ActiveCfg = Release|Any CPU
		{8DCCC672-74AD-468C-AF4C-9DB2D2277B9F}.Release|Any CPU.Build.0 = Release|Any CPU
		{14276294-6FA8-4602-8340-0DF47240606C}.Debug|Any CPU.ActiveCfg = Debug|Any CPU
		{14276294-6FA8-4602-8340-0DF47240606C}.Debug|Any CPU.Build.0 = Debug|Any CPU
		{14276294-6FA8-4602-8340-0DF47240606C}.Release|Any CPU.ActiveCfg = Release|Any CPU
		{14276294-6FA8-4602-8340-0DF47240606C}.Release|Any CPU.Build.0 = Release|Any CPU
		{893224C4-5FF1-4408-AC5A-42B6068B2FBB}.Debug|Any CPU.ActiveCfg = Debug|Any CPU
		{893224C4-5FF1-4408-AC5A-42B6068B2FBB}.Debug|Any CPU.Build.0 = Debug|Any CPU
		{893224C4-5FF1-4408-AC5A-42B6068B2FBB}.Release|Any CPU.ActiveCfg = Release|Any CPU
		{893224C4-5FF1-4408-AC5A-42B6068B2FBB}.Release|Any CPU.Build.0 = Release|Any CPU
		{B7A6D6C0-A9A4-45C0-AFDD-06D2E7DFCB7C}.Debug|Any CPU.ActiveCfg = Debug|Any CPU
		{B7A6D6C0-A9A4-45C0-AFDD-06D2E7DFCB7C}.Debug|Any CPU.Build.0 = Debug|Any CPU
		{B7A6D6C0-A9A4-45C0-AFDD-06D2E7DFCB7C}.Release|Any CPU.ActiveCfg = Release|Any CPU
		{B7A6D6C0-A9A4-45C0-AFDD-06D2E7DFCB7C}.Release|Any CPU.Build.0 = Release|Any CPU
		{45C44910-8155-46DF-A18D-F773CA85C65E}.Debug|Any CPU.ActiveCfg = Debug|Any CPU
		{45C44910-8155-46DF-A18D-F773CA85C65E}.Debug|Any CPU.Build.0 = Debug|Any CPU
		{45C44910-8155-46DF-A18D-F773CA85C65E}.Release|Any CPU.ActiveCfg = Release|Any CPU
		{45C44910-8155-46DF-A18D-F773CA85C65E}.Release|Any CPU.Build.0 = Release|Any CPU
	EndGlobalSection
	GlobalSection(SolutionProperties) = preSolution
		HideSolutionNode = FALSE
	EndGlobalSection
	GlobalSection(ExtensibilityGlobals) = postSolution
		SolutionGuid = {AB4B230B-52B8-4F64-9544-613E97C5A98F}
	EndGlobalSection
EndGlobal
